
Microsoft Visual Studio Solution File, Format Version 12.00
# Visual Studio 15
VisualStudioVersion = 15.0.28307.329
MinimumVisualStudioVersion = 10.0.40219.1
Project("{FAE04EC0-301F-11D3-BF4B-00C04F79EFBC}") = "C.10", "ISAM5430_Homework_3\C.10.csproj", "{B32A4D27-0988-4A9A-BF35-84024F323231}"
EndProject
Project("{FAE04EC0-301F-11D3-BF4B-00C04F79EFBC}") = "C.11", "C.11\C.11.csproj", "{46CD740B-4A7F-4563-93E4-2A73630A0897}"
EndProject
Project("{FAE04EC0-301F-11D3-BF4B-00C04F79EFBC}") = "C.12", "C.12\C.12.csproj", "{6B9BB8B7-6C07-4DD5-AABD-FE6E22C70617}"
EndProject
Project("{FAE04EC0-301F-11D3-BF4B-00C04F79EFBC}") = "C.14", "C.14\C.14.csproj", "{064C5F06-E1D2-4DB9-BDD2-E0B842C1745D}"
EndProject
Project("{FAE04EC0-301F-11D3-BF4B-00C04F79EFBC}") = "C.15", "C.15\C.15.csproj", "{16359F2B-DE46-47C1-B8D2-1E4E4F90887B}"
EndProject
Project("{FAE04EC0-301F-11D3-BF4B-00C04F79EFBC}") = "C.16", "C.16\C.16.csproj", "{DA2357DC-5D6D-47FD-852D-485C55E28595}"
EndProject
Project("{FAE04EC0-301F-11D3-BF4B-00C04F79EFBC}") = "B.1", "B.1\B.1.csproj", "{8F86710E-4D13-4D3C-A009-80FC7E5EA5DF}"
EndProject
Project("{FAE04EC0-301F-11D3-BF4B-00C04F79EFBC}") = "B.2", "B.2\B.2.csproj", "{DC4420F6-BBB3-4C00-83B1-FCA1E317C7F3}"
EndProject
Project("{FAE04EC0-301F-11D3-BF4B-00C04F79EFBC}") = "B.3", "B.3\B.3.csproj", "{821F32D9-0F9D-427C-A465-CD5FC56541B8}"
EndProject
Project("{FAE04EC0-301F-11D3-BF4B-00C04F79EFBC}") = "B.5", "B.4\B.5.csproj", "{F3C5033F-755C-492C-98C2-82D911A19DF7}"
EndProject
Project("{FAE04EC0-301F-11D3-BF4B-00C04F79EFBC}") = "B.7", "B.6\B.7.csproj", "{7871EDBD-A12F-4FB6-BD96-B03775657072}"
EndProject
Project("{FAE04EC0-301F-11D3-BF4B-00C04F79EFBC}") = "B.4sides", "B.4sides\B.4sides.csproj", "{F9FE287D-E0A4-42D9-B68D-470CD0B93CB9}"
EndProject
Global
	GlobalSection(SolutionConfigurationPlatforms) = preSolution
		Debug|Any CPU = Debug|Any CPU
		Release|Any CPU = Release|Any CPU
	EndGlobalSection
	GlobalSection(ProjectConfigurationPlatforms) = postSolution
		{B32A4D27-0988-4A9A-BF35-84024F323231}.Debug|Any CPU.ActiveCfg = Debug|Any CPU
		{B32A4D27-0988-4A9A-BF35-84024F323231}.Debug|Any CPU.Build.0 = Debug|Any CPU
		{B32A4D27-0988-4A9A-BF35-84024F323231}.Release|Any CPU.ActiveCfg = Release|Any CPU
		{B32A4D27-0988-4A9A-BF35-84024F323231}.Release|Any CPU.Build.0 = Release|Any CPU
		{46CD740B-4A7F-4563-93E4-2A73630A0897}.Debug|Any CPU.ActiveCfg = Debug|Any CPU
		{46CD740B-4A7F-4563-93E4-2A73630A0897}.Debug|Any CPU.Build.0 = Debug|Any CPU
		{46CD740B-4A7F-4563-93E4-2A73630A0897}.Release|Any CPU.ActiveCfg = Release|Any CPU
		{46CD740B-4A7F-4563-93E4-2A73630A0897}.Release|Any CPU.Build.0 = Release|Any CPU
		{6B9BB8B7-6C07-4DD5-AABD-FE6E22C70617}.Debug|Any CPU.ActiveCfg = Debug|Any CPU
		{6B9BB8B7-6C07-4DD5-AABD-FE6E22C70617}.Debug|Any CPU.Build.0 = Debug|Any CPU
		{6B9BB8B7-6C07-4DD5-AABD-FE6E22C70617}.Release|Any CPU.ActiveCfg = Release|Any CPU
		{6B9BB8B7-6C07-4DD5-AABD-FE6E22C70617}.Release|Any CPU.Build.0 = Release|Any CPU
		{064C5F06-E1D2-4DB9-BDD2-E0B842C1745D}.Debug|Any CPU.ActiveCfg = Debug|Any CPU
		{064C5F06-E1D2-4DB9-BDD2-E0B842C1745D}.Debug|Any CPU.Build.0 = Debug|Any CPU
		{064C5F06-E1D2-4DB9-BDD2-E0B842C1745D}.Release|Any CPU.ActiveCfg = Release|Any CPU
		{064C5F06-E1D2-4DB9-BDD2-E0B842C1745D}.Release|Any CPU.Build.0 = Release|Any CPU
		{16359F2B-DE46-47C1-B8D2-1E4E4F90887B}.Debug|Any CPU.ActiveCfg = Debug|Any CPU
		{16359F2B-DE46-47C1-B8D2-1E4E4F90887B}.Debug|Any CPU.Build.0 = Debug|Any CPU
		{16359F2B-DE46-47C1-B8D2-1E4E4F90887B}.Release|Any CPU.ActiveCfg = Release|Any CPU
		{16359F2B-DE46-47C1-B8D2-1E4E4F90887B}.Release|Any CPU.Build.0 = Release|Any CPU
		{DA2357DC-5D6D-47FD-852D-485C55E28595}.Debug|Any CPU.ActiveCfg = Debug|Any CPU
		{DA2357DC-5D6D-47FD-852D-485C55E28595}.Debug|Any CPU.Build.0 = Debug|Any CPU
		{DA2357DC-5D6D-47FD-852D-485C55E28595}.Release|Any CPU.ActiveCfg = Release|Any CPU
		{DA2357DC-5D6D-47FD-852D-485C55E28595}.Release|Any CPU.Build.0 = Release|Any CPU
		{8F86710E-4D13-4D3C-A009-80FC7E5EA5DF}.Debug|Any CPU.ActiveCfg = Debug|Any CPU
		{8F86710E-4D13-4D3C-A009-80FC7E5EA5DF}.Debug|Any CPU.Build.0 = Debug|Any CPU
		{8F86710E-4D13-4D3C-A009-80FC7E5EA5DF}.Release|Any CPU.ActiveCfg = Release|Any CPU
		{8F86710E-4D13-4D3C-A009-80FC7E5EA5DF}.Release|Any CPU.Build.0 = Release|Any CPU
		{DC4420F6-BBB3-4C00-83B1-FCA1E317C7F3}.Debug|Any CPU.ActiveCfg = Debug|Any CPU
		{DC4420F6-BBB3-4C00-83B1-FCA1E317C7F3}.Debug|Any CPU.Build.0 = Debug|Any CPU
		{DC4420F6-BBB3-4C00-83B1-FCA1E317C7F3}.Release|Any CPU.ActiveCfg = Release|Any CPU
		{DC4420F6-BBB3-4C00-83B1-FCA1E317C7F3}.Release|Any CPU.Build.0 = Release|Any CPU
		{821F32D9-0F9D-427C-A465-CD5FC56541B8}.Debug|Any CPU.ActiveCfg = Debug|Any CPU
		{821F32D9-0F9D-427C-A465-CD5FC56541B8}.Debug|Any CPU.Build.0 = Debug|Any CPU
		{821F32D9-0F9D-427C-A465-CD5FC56541B8}.Release|Any CPU.ActiveCfg = Release|Any CPU
		{821F32D9-0F9D-427C-A465-CD5FC56541B8}.Release|Any CPU.Build.0 = Release|Any CPU
		{F3C5033F-755C-492C-98C2-82D911A19DF7}.Debug|Any CPU.ActiveCfg = Debug|Any CPU
		{F3C5033F-755C-492C-98C2-82D911A19DF7}.Debug|Any CPU.Build.0 = Debug|Any CPU
		{F3C5033F-755C-492C-98C2-82D911A19DF7}.Release|Any CPU.ActiveCfg = Release|Any CPU
		{F3C5033F-755C-492C-98C2-82D911A19DF7}.Release|Any CPU.Build.0 = Release|Any CPU
		{7871EDBD-A12F-4FB6-BD96-B03775657072}.Debug|Any CPU.ActiveCfg = Debug|Any CPU
		{7871EDBD-A12F-4FB6-BD96-B03775657072}.Debug|Any CPU.Build.0 = Debug|Any CPU
		{7871EDBD-A12F-4FB6-BD96-B03775657072}.Release|Any CPU.ActiveCfg = Release|Any CPU
		{7871EDBD-A12F-4FB6-BD96-B03775657072}.Release|Any CPU.Build.0 = Release|Any CPU
		{F9FE287D-E0A4-42D9-B68D-470CD0B93CB9}.Debug|Any CPU.ActiveCfg = Debug|Any CPU
		{F9FE287D-E0A4-42D9-B68D-470CD0B93CB9}.Debug|Any CPU.Build.0 = Debug|Any CPU
		{F9FE287D-E0A4-42D9-B68D-470CD0B93CB9}.Release|Any CPU.ActiveCfg = Release|Any CPU
		{F9FE287D-E0A4-42D9-B68D-470CD0B93CB9}.Release|Any CPU.Build.0 = Release|Any CPU
	EndGlobalSection
	GlobalSection(SolutionProperties) = preSolution
		HideSolutionNode = FALSE
	EndGlobalSection
	GlobalSection(ExtensibilityGlobals) = postSolution
		SolutionGuid = {7FC8B8C3-5084-4D13-B29E-F50398D34902}
	EndGlobalSection
EndGlobal
