
Microsoft Visual Studio Solution File, Format Version 12.00
# Visual Studio 15
VisualStudioVersion = 15.0.28307.329
MinimumVisualStudioVersion = 10.0.40219.1
Project("{FAE04EC0-301F-11D3-BF4B-00C04F79EFBC}") = "ISAM5430_homework02", "ISAM5430_homework02\ISAM5430_homework02.csproj", "{13EDF77A-2A1E-4532-AE1B-43B5D2D98A75}"
EndProject
Project("{FAE04EC0-301F-11D3-BF4B-00C04F79EFBC}") = "B", "B\B.csproj", "{221EF40B-179C-4541-AA93-12730D0BABC3}"
EndProject
Project("{FAE04EC0-301F-11D3-BF4B-00C04F79EFBC}") = "B-1", "B-1\B-1.csproj", "{3B6C7B89-A884-4DC1-8741-72BC6EBA5ACD}"
EndProject
Project("{FAE04EC0-301F-11D3-BF4B-00C04F79EFBC}") = "C.1", "C.1\C.1.csproj", "{5400431F-FDE4-4282-9E2E-DB7470DAD72E}"
EndProject
Project("{FAE04EC0-301F-11D3-BF4B-00C04F79EFBC}") = "C.2", "C.2\C.2.csproj", "{0BD0D98D-A8A7-4B45-8925-BA4093FC5225}"
EndProject
Project("{FAE04EC0-301F-11D3-BF4B-00C04F79EFBC}") = "C.3", "C.3\C.3.csproj", "{E39AFE28-8D02-44FC-8631-F650F373D04D}"
EndProject
Project("{FAE04EC0-301F-11D3-BF4B-00C04F79EFBC}") = "C.4", "C.4\C.4.csproj", "{F7192001-7A06-4DE3-A574-34262AEF905A}"
EndProject
Project("{FAE04EC0-301F-11D3-BF4B-00C04F79EFBC}") = "C.5", "C.5\C.5.csproj", "{622287FD-04EC-4DC0-BF4B-1AB7B2210655}"
EndProject
Project("{FAE04EC0-301F-11D3-BF4B-00C04F79EFBC}") = "C.6", "C.6\C.6.csproj", "{7D058968-D327-4AD0-A140-40766148F055}"
EndProject
Project("{FAE04EC0-301F-11D3-BF4B-00C04F79EFBC}") = "C.7", "C.7\C.7.csproj", "{B1F7426B-394A-4140-BE69-AF465640FF78}"
EndProject
Project("{FAE04EC0-301F-11D3-BF4B-00C04F79EFBC}") = "C.8", "C.8\C.8.csproj", "{0BAA7C3F-1EDC-4F53-AAC5-BB8D56664C31}"
EndProject
Project("{FAE04EC0-301F-11D3-BF4B-00C04F79EFBC}") = "C.9", "C.9\C.9.csproj", "{24C635A4-DC2B-4447-94F0-2A5BDDFD8519}"
EndProject
Project("{FAE04EC0-301F-11D3-BF4B-00C04F79EFBC}") = "C.10", "C.10\C.10.csproj", "{BB96A9D9-786E-4296-8106-860964454104}"
EndProject
Project("{FAE04EC0-301F-11D3-BF4B-00C04F79EFBC}") = "C.11", "C.11\C.11.csproj", "{5DBB6C3C-7467-4A2C-8099-D492C005C7BF}"
EndProject
Project("{FAE04EC0-301F-11D3-BF4B-00C04F79EFBC}") = "C.12", "C.12\C.12.csproj", "{DD329A78-EFB5-4863-9E83-F3A0F20D2567}"
EndProject
Project("{FAE04EC0-301F-11D3-BF4B-00C04F79EFBC}") = "C4", "C4\C4.csproj", "{FCCF9DFC-3A81-4DDA-89F5-ADDB5A030009}"
EndProject
Project("{FAE04EC0-301F-11D3-BF4B-00C04F79EFBC}") = "D.1", "D.1\D.1.csproj", "{FC22CA3C-3907-4A2D-9EFB-F3748D74C030}"
EndProject
Project("{FAE04EC0-301F-11D3-BF4B-00C04F79EFBC}") = "D.2", "D.2\D.2.csproj", "{0659231F-B7CE-4D63-A523-07FC7F3B5163}"
EndProject
Project("{FAE04EC0-301F-11D3-BF4B-00C04F79EFBC}") = "D.3", "D.3\D.3.csproj", "{F0E0E99B-3143-494C-A6D0-CD8396D897E2}"
EndProject
Project("{FAE04EC0-301F-11D3-BF4B-00C04F79EFBC}") = "D.4", "D.4\D.4.csproj", "{86D80D88-3E28-480A-948F-C24AEA989DC0}"
EndProject
Global
	GlobalSection(SolutionConfigurationPlatforms) = preSolution
		Debug|Any CPU = Debug|Any CPU
		Release|Any CPU = Release|Any CPU
	EndGlobalSection
	GlobalSection(ProjectConfigurationPlatforms) = postSolution
		{13EDF77A-2A1E-4532-AE1B-43B5D2D98A75}.Debug|Any CPU.ActiveCfg = Debug|Any CPU
		{13EDF77A-2A1E-4532-AE1B-43B5D2D98A75}.Debug|Any CPU.Build.0 = Debug|Any CPU
		{13EDF77A-2A1E-4532-AE1B-43B5D2D98A75}.Release|Any CPU.ActiveCfg = Release|Any CPU
		{13EDF77A-2A1E-4532-AE1B-43B5D2D98A75}.Release|Any CPU.Build.0 = Release|Any CPU
		{221EF40B-179C-4541-AA93-12730D0BABC3}.Debug|Any CPU.ActiveCfg = Debug|Any CPU
		{221EF40B-179C-4541-AA93-12730D0BABC3}.Debug|Any CPU.Build.0 = Debug|Any CPU
		{221EF40B-179C-4541-AA93-12730D0BABC3}.Release|Any CPU.ActiveCfg = Release|Any CPU
		{221EF40B-179C-4541-AA93-12730D0BABC3}.Release|Any CPU.Build.0 = Release|Any CPU
		{3B6C7B89-A884-4DC1-8741-72BC6EBA5ACD}.Debug|Any CPU.ActiveCfg = Debug|Any CPU
		{3B6C7B89-A884-4DC1-8741-72BC6EBA5ACD}.Debug|Any CPU.Build.0 = Debug|Any CPU
		{3B6C7B89-A884-4DC1-8741-72BC6EBA5ACD}.Release|Any CPU.ActiveCfg = Release|Any CPU
		{3B6C7B89-A884-4DC1-8741-72BC6EBA5ACD}.Release|Any CPU.Build.0 = Release|Any CPU
		{5400431F-FDE4-4282-9E2E-DB7470DAD72E}.Debug|Any CPU.ActiveCfg = Debug|Any CPU
		{5400431F-FDE4-4282-9E2E-DB7470DAD72E}.Debug|Any CPU.Build.0 = Debug|Any CPU
		{5400431F-FDE4-4282-9E2E-DB7470DAD72E}.Release|Any CPU.ActiveCfg = Release|Any CPU
		{5400431F-FDE4-4282-9E2E-DB7470DAD72E}.Release|Any CPU.Build.0 = Release|Any CPU
		{0BD0D98D-A8A7-4B45-8925-BA4093FC5225}.Debug|Any CPU.ActiveCfg = Debug|Any CPU
		{0BD0D98D-A8A7-4B45-8925-BA4093FC5225}.Debug|Any CPU.Build.0 = Debug|Any CPU
		{0BD0D98D-A8A7-4B45-8925-BA4093FC5225}.Release|Any CPU.ActiveCfg = Release|Any CPU
		{0BD0D98D-A8A7-4B45-8925-BA4093FC5225}.Release|Any CPU.Build.0 = Release|Any CPU
		{E39AFE28-8D02-44FC-8631-F650F373D04D}.Debug|Any CPU.ActiveCfg = Debug|Any CPU
		{E39AFE28-8D02-44FC-8631-F650F373D04D}.Debug|Any CPU.Build.0 = Debug|Any CPU
		{E39AFE28-8D02-44FC-8631-F650F373D04D}.Release|Any CPU.ActiveCfg = Release|Any CPU
		{E39AFE28-8D02-44FC-8631-F650F373D04D}.Release|Any CPU.Build.0 = Release|Any CPU
		{F7192001-7A06-4DE3-A574-34262AEF905A}.Debug|Any CPU.ActiveCfg = Debug|Any CPU
		{F7192001-7A06-4DE3-A574-34262AEF905A}.Debug|Any CPU.Build.0 = Debug|Any CPU
		{F7192001-7A06-4DE3-A574-34262AEF905A}.Release|Any CPU.ActiveCfg = Release|Any CPU
		{F7192001-7A06-4DE3-A574-34262AEF905A}.Release|Any CPU.Build.0 = Release|Any CPU
		{622287FD-04EC-4DC0-BF4B-1AB7B2210655}.Debug|Any CPU.ActiveCfg = Debug|Any CPU
		{622287FD-04EC-4DC0-BF4B-1AB7B2210655}.Debug|Any CPU.Build.0 = Debug|Any CPU
		{622287FD-04EC-4DC0-BF4B-1AB7B2210655}.Release|Any CPU.ActiveCfg = Release|Any CPU
		{622287FD-04EC-4DC0-BF4B-1AB7B2210655}.Release|Any CPU.Build.0 = Release|Any CPU
		{7D058968-D327-4AD0-A140-40766148F055}.Debug|Any CPU.ActiveCfg = Debug|Any CPU
		{7D058968-D327-4AD0-A140-40766148F055}.Debug|Any CPU.Build.0 = Debug|Any CPU
		{7D058968-D327-4AD0-A140-40766148F055}.Release|Any CPU.ActiveCfg = Release|Any CPU
		{7D058968-D327-4AD0-A140-40766148F055}.Release|Any CPU.Build.0 = Release|Any CPU
		{B1F7426B-394A-4140-BE69-AF465640FF78}.Debug|Any CPU.ActiveCfg = Debug|Any CPU
		{B1F7426B-394A-4140-BE69-AF465640FF78}.Debug|Any CPU.Build.0 = Debug|Any CPU
		{B1F7426B-394A-4140-BE69-AF465640FF78}.Release|Any CPU.ActiveCfg = Release|Any CPU
		{B1F7426B-394A-4140-BE69-AF465640FF78}.Release|Any CPU.Build.0 = Release|Any CPU
		{0BAA7C3F-1EDC-4F53-AAC5-BB8D56664C31}.Debug|Any CPU.ActiveCfg = Debug|Any CPU
		{0BAA7C3F-1EDC-4F53-AAC5-BB8D56664C31}.Debug|Any CPU.Build.0 = Debug|Any CPU
		{0BAA7C3F-1EDC-4F53-AAC5-BB8D56664C31}.Release|Any CPU.ActiveCfg = Release|Any CPU
		{0BAA7C3F-1EDC-4F53-AAC5-BB8D56664C31}.Release|Any CPU.Build.0 = Release|Any CPU
		{24C635A4-DC2B-4447-94F0-2A5BDDFD8519}.Debug|Any CPU.ActiveCfg = Debug|Any CPU
		{24C635A4-DC2B-4447-94F0-2A5BDDFD8519}.Debug|Any CPU.Build.0 = Debug|Any CPU
		{24C635A4-DC2B-4447-94F0-2A5BDDFD8519}.Release|Any CPU.ActiveCfg = Release|Any CPU
		{24C635A4-DC2B-4447-94F0-2A5BDDFD8519}.Release|Any CPU.Build.0 = Release|Any CPU
		{BB96A9D9-786E-4296-8106-860964454104}.Debug|Any CPU.ActiveCfg = Debug|Any CPU
		{BB96A9D9-786E-4296-8106-860964454104}.Debug|Any CPU.Build.0 = Debug|Any CPU
		{BB96A9D9-786E-4296-8106-860964454104}.Release|Any CPU.ActiveCfg = Release|Any CPU
		{BB96A9D9-786E-4296-8106-860964454104}.Release|Any CPU.Build.0 = Release|Any CPU
		{5DBB6C3C-7467-4A2C-8099-D492C005C7BF}.Debug|Any CPU.ActiveCfg = Debug|Any CPU
		{5DBB6C3C-7467-4A2C-8099-D492C005C7BF}.Debug|Any CPU.Build.0 = Debug|Any CPU
		{5DBB6C3C-7467-4A2C-8099-D492C005C7BF}.Release|Any CPU.ActiveCfg = Release|Any CPU
		{5DBB6C3C-7467-4A2C-8099-D492C005C7BF}.Release|Any CPU.Build.0 = Release|Any CPU
		{DD329A78-EFB5-4863-9E83-F3A0F20D2567}.Debug|Any CPU.ActiveCfg = Debug|Any CPU
		{DD329A78-EFB5-4863-9E83-F3A0F20D2567}.Debug|Any CPU.Build.0 = Debug|Any CPU
		{DD329A78-EFB5-4863-9E83-F3A0F20D2567}.Release|Any CPU.ActiveCfg = Release|Any CPU
		{DD329A78-EFB5-4863-9E83-F3A0F20D2567}.Release|Any CPU.Build.0 = Release|Any CPU
		{FCCF9DFC-3A81-4DDA-89F5-ADDB5A030009}.Debug|Any CPU.ActiveCfg = Debug|Any CPU
		{FCCF9DFC-3A81-4DDA-89F5-ADDB5A030009}.Debug|Any CPU.Build.0 = Debug|Any CPU
		{FCCF9DFC-3A81-4DDA-89F5-ADDB5A030009}.Release|Any CPU.ActiveCfg = Release|Any CPU
		{FCCF9DFC-3A81-4DDA-89F5-ADDB5A030009}.Release|Any CPU.Build.0 = Release|Any CPU
		{FC22CA3C-3907-4A2D-9EFB-F3748D74C030}.Debug|Any CPU.ActiveCfg = Debug|Any CPU
		{FC22CA3C-3907-4A2D-9EFB-F3748D74C030}.Debug|Any CPU.Build.0 = Debug|Any CPU
		{FC22CA3C-3907-4A2D-9EFB-F3748D74C030}.Release|Any CPU.ActiveCfg = Release|Any CPU
		{FC22CA3C-3907-4A2D-9EFB-F3748D74C030}.Release|Any CPU.Build.0 = Release|Any CPU
		{0659231F-B7CE-4D63-A523-07FC7F3B5163}.Debug|Any CPU.ActiveCfg = Debug|Any CPU
		{0659231F-B7CE-4D63-A523-07FC7F3B5163}.Debug|Any CPU.Build.0 = Debug|Any CPU
		{0659231F-B7CE-4D63-A523-07FC7F3B5163}.Release|Any CPU.ActiveCfg = Release|Any CPU
		{0659231F-B7CE-4D63-A523-07FC7F3B5163}.Release|Any CPU.Build.0 = Release|Any CPU
		{F0E0E99B-3143-494C-A6D0-CD8396D897E2}.Debug|Any CPU.ActiveCfg = Debug|Any CPU
		{F0E0E99B-3143-494C-A6D0-CD8396D897E2}.Debug|Any CPU.Build.0 = Debug|Any CPU
		{F0E0E99B-3143-494C-A6D0-CD8396D897E2}.Release|Any CPU.ActiveCfg = Release|Any CPU
		{F0E0E99B-3143-494C-A6D0-CD8396D897E2}.Release|Any CPU.Build.0 = Release|Any CPU
		{86D80D88-3E28-480A-948F-C24AEA989DC0}.Debug|Any CPU.ActiveCfg = Debug|Any CPU
		{86D80D88-3E28-480A-948F-C24AEA989DC0}.Debug|Any CPU.Build.0 = Debug|Any CPU
		{86D80D88-3E28-480A-948F-C24AEA989DC0}.Release|Any CPU.ActiveCfg = Release|Any CPU
		{86D80D88-3E28-480A-948F-C24AEA989DC0}.Release|Any CPU.Build.0 = Release|Any CPU
	EndGlobalSection
	GlobalSection(SolutionProperties) = preSolution
		HideSolutionNode = FALSE
	EndGlobalSection
	GlobalSection(ExtensibilityGlobals) = postSolution
		SolutionGuid = {EDA85529-8190-441E-B4FD-F4A90309CABF}
	EndGlobalSection
EndGlobal
